
Microsoft Visual Studio Solution File, Format Version 12.00
# Visual Studio Version 16
VisualStudioVersion = 16.0.32630.194
MinimumVisualStudioVersion = 10.0.40219.1
Project("{FAE04EC0-301F-11D3-BF4B-00C04F79EFBC}") = "Kamobi_tabbed.Android", "Kamobi\Kamobi_tabbed.Android\Kamobi_tabbed.Android.csproj", "{B5B35A05-516F-48A6-95E1-D198EDC82CA6}"
EndProject
Project("{9A19103F-16F7-4668-BE54-9A1E7A4F7556}") = "Kamobi", "Kamobi\Kamobi\Kamobi.csproj", "{6C0D3419-46E3-4322-B8B0-8E8E92CDA1CA}"
EndProject
Global
	GlobalSection(SolutionConfigurationPlatforms) = preSolution
		Debug|Any CPU = Debug|Any CPU
		Release|Any CPU = Release|Any CPU
	EndGlobalSection
	GlobalSection(ProjectConfigurationPlatforms) = postSolution
		{B5B35A05-516F-48A6-95E1-D198EDC82CA6}.Debug|Any CPU.ActiveCfg = Debug|Any CPU
		{B5B35A05-516F-48A6-95E1-D198EDC82CA6}.Debug|Any CPU.Build.0 = Debug|Any CPU
		{B5B35A05-516F-48A6-95E1-D198EDC82CA6}.Debug|Any CPU.Deploy.0 = Debug|Any CPU
		{B5B35A05-516F-48A6-95E1-D198EDC82CA6}.Release|Any CPU.ActiveCfg = Release|Any CPU
		{B5B35A05-516F-48A6-95E1-D198EDC82CA6}.Release|Any CPU.Build.0 = Release|Any CPU
		{B5B35A05-516F-48A6-95E1-D198EDC82CA6}.Release|Any CPU.Deploy.0 = Release|Any CPU
		{6C0D3419-46E3-4322-B8B0-8E8E92CDA1CA}.Debug|Any CPU.ActiveCfg = Debug|Any CPU
		{6C0D3419-46E3-4322-B8B0-8E8E92CDA1CA}.Debug|Any CPU.Build.0 = Debug|Any CPU
		{6C0D3419-46E3-4322-B8B0-8E8E92CDA1CA}.Debug|Any CPU.Deploy.0 = Debug|Any CPU
		{6C0D3419-46E3-4322-B8B0-8E8E92CDA1CA}.Release|Any CPU.ActiveCfg = Release|Any CPU
		{6C0D3419-46E3-4322-B8B0-8E8E92CDA1CA}.Release|Any CPU.Build.0 = Release|Any CPU
		{6C0D3419-46E3-4322-B8B0-8E8E92CDA1CA}.Release|Any CPU.Deploy.0 = Release|Any CPU
	EndGlobalSection
	GlobalSection(SolutionProperties) = preSolution
		HideSolutionNode = FALSE
	EndGlobalSection
	GlobalSection(ExtensibilityGlobals) = postSolution
		SolutionGuid = {3A21B06C-BFD0-4066-98FB-7F5DC6CA777A}
	EndGlobalSection
EndGlobal
